
Microsoft Visual Studio Solution File, Format Version 12.00
# Visual Studio Version 17
VisualStudioVersion = 17.0.31808.319
MinimumVisualStudioVersion = 10.0.40219.1
Project("{9A19103F-16F7-4668-BE54-9A1E7A4F7556}") = "DynamicData", "DynamicData\DynamicData.csproj", "{FE903921-6C55-40E3-9A16-4127ECACC12C}"
EndProject
Project("{2150E333-8FDC-42A3-9474-1A3956D46DE8}") = ".other", ".other", "{DFCC45F8-251C-4D78-AF9B-15C1EDF0E603}"
	ProjectSection(SolutionItems) = preProject
		..\.editorconfig = ..\.editorconfig
		..\.gitignore = ..\.gitignore
		..\.github\workflows\ci-build.yml = ..\.github\workflows\ci-build.yml
		Directory.Build.props = Directory.Build.props
		Directory.build.targets = Directory.build.targets
		global.json = global.json
		..\nuget.config = ..\nuget.config
		..\README.md = ..\README.md
		..\.github\workflows\release.yml = ..\.github\workflows\release.yml
		ReleaseNotes.md = ReleaseNotes.md
		stylecop.json = stylecop.json
		..\version.json = ..\version.json
	EndProjectSection
EndProject
Project("{9A19103F-16F7-4668-BE54-9A1E7A4F7556}") = "DynamicData.Tests", "DynamicData.Tests\DynamicData.Tests.csproj", "{1D53F0EE-F579-4398-82E5-ECAB2AA70BF1}"
EndProject
Project("{9A19103F-16F7-4668-BE54-9A1E7A4F7556}") = "DynamicData.Benchmarks", "DynamicData.Benchmarks\DynamicData.Benchmarks.csproj", "{42566F48-05FC-483E-8B2F-D0EA4F28E870}"
EndProject
Global
	GlobalSection(SolutionConfigurationPlatforms) = preSolution
		Debug|Any CPU = Debug|Any CPU
		Debug|Mixed Platforms = Debug|Mixed Platforms
		Debug|x64 = Debug|x64
		Debug|x86 = Debug|x86
		Release|Any CPU = Release|Any CPU
		Release|Mixed Platforms = Release|Mixed Platforms
		Release|x64 = Release|x64
		Release|x86 = Release|x86
	EndGlobalSection
	GlobalSection(ProjectConfigurationPlatforms) = postSolution
		{FE903921-6C55-40E3-9A16-4127ECACC12C}.Debug|Any CPU.ActiveCfg = Debug|Any CPU
		{FE903921-6C55-40E3-9A16-4127ECACC12C}.Debug|Any CPU.Build.0 = Debug|Any CPU
		{FE903921-6C55-40E3-9A16-4127ECACC12C}.Debug|Mixed Platforms.ActiveCfg = Debug|Any CPU
		{FE903921-6C55-40E3-9A16-4127ECACC12C}.Debug|Mixed Platforms.Build.0 = Debug|Any CPU
		{FE903921-6C55-40E3-9A16-4127ECACC12C}.Debug|x64.ActiveCfg = Debug|Any CPU
		{FE903921-6C55-40E3-9A16-4127ECACC12C}.Debug|x86.ActiveCfg = Debug|Any CPU
		{FE903921-6C55-40E3-9A16-4127ECACC12C}.Release|Any CPU.ActiveCfg = Release|Any CPU
		{FE903921-6C55-40E3-9A16-4127ECACC12C}.Release|Any CPU.Build.0 = Release|Any CPU
		{FE903921-6C55-40E3-9A16-4127ECACC12C}.Release|Mixed Platforms.ActiveCfg = Release|Any CPU
		{FE903921-6C55-40E3-9A16-4127ECACC12C}.Release|Mixed Platforms.Build.0 = Release|Any CPU
		{FE903921-6C55-40E3-9A16-4127ECACC12C}.Release|x64.ActiveCfg = Release|Any CPU
		{FE903921-6C55-40E3-9A16-4127ECACC12C}.Release|x86.ActiveCfg = Release|Any CPU
		{1D53F0EE-F579-4398-82E5-ECAB2AA70BF1}.Debug|Any CPU.ActiveCfg = Debug|Any CPU
		{1D53F0EE-F579-4398-82E5-ECAB2AA70BF1}.Debug|Any CPU.Build.0 = Debug|Any CPU
		{1D53F0EE-F579-4398-82E5-ECAB2AA70BF1}.Debug|Mixed Platforms.ActiveCfg = Debug|Any CPU
		{1D53F0EE-F579-4398-82E5-ECAB2AA70BF1}.Debug|Mixed Platforms.Build.0 = Debug|Any CPU
		{1D53F0EE-F579-4398-82E5-ECAB2AA70BF1}.Debug|x64.ActiveCfg = Debug|Any CPU
		{1D53F0EE-F579-4398-82E5-ECAB2AA70BF1}.Debug|x64.Build.0 = Debug|Any CPU
		{1D53F0EE-F579-4398-82E5-ECAB2AA70BF1}.Debug|x86.ActiveCfg = Debug|Any CPU
		{1D53F0EE-F579-4398-82E5-ECAB2AA70BF1}.Debug|x86.Build.0 = Debug|Any CPU
		{1D53F0EE-F579-4398-82E5-ECAB2AA70BF1}.Release|Any CPU.ActiveCfg = Release|Any CPU
		{1D53F0EE-F579-4398-82E5-ECAB2AA70BF1}.Release|Any CPU.Build.0 = Release|Any CPU
		{1D53F0EE-F579-4398-82E5-ECAB2AA70BF1}.Release|Mixed Platforms.ActiveCfg = Release|Any CPU
		{1D53F0EE-F579-4398-82E5-ECAB2AA70BF1}.Release|Mixed Platforms.Build.0 = Release|Any CPU
		{1D53F0EE-F579-4398-82E5-ECAB2AA70BF1}.Release|x64.ActiveCfg = Release|Any CPU
		{1D53F0EE-F579-4398-82E5-ECAB2AA70BF1}.Release|x64.Build.0 = Release|Any CPU
		{1D53F0EE-F579-4398-82E5-ECAB2AA70BF1}.Release|x86.ActiveCfg = Release|Any CPU
		{1D53F0EE-F579-4398-82E5-ECAB2AA70BF1}.Release|x86.Build.0 = Release|Any CPU
		{42566F48-05FC-483E-8B2F-D0EA4F28E870}.Debug|Any CPU.ActiveCfg = Debug|Any CPU
		{42566F48-05FC-483E-8B2F-D0EA4F28E870}.Debug|Any CPU.Build.0 = Debug|Any CPU
		{42566F48-05FC-483E-8B2F-D0EA4F28E870}.Debug|Mixed Platforms.ActiveCfg = Debug|Any CPU
		{42566F48-05FC-483E-8B2F-D0EA4F28E870}.Debug|Mixed Platforms.Build.0 = Debug|Any CPU
		{42566F48-05FC-483E-8B2F-D0EA4F28E870}.Debug|x64.ActiveCfg = Debug|Any CPU
		{42566F48-05FC-483E-8B2F-D0EA4F28E870}.Debug|x64.Build.0 = Debug|Any CPU
		{42566F48-05FC-483E-8B2F-D0EA4F28E870}.Debug|x86.ActiveCfg = Debug|Any CPU
		{42566F48-05FC-483E-8B2F-D0EA4F28E870}.Debug|x86.Build.0 = Debug|Any CPU
		{42566F48-05FC-483E-8B2F-D0EA4F28E870}.Release|Any CPU.ActiveCfg = Release|Any CPU
		{42566F48-05FC-483E-8B2F-D0EA4F28E870}.Release|Any CPU.Build.0 = Release|Any CPU
		{42566F48-05FC-483E-8B2F-D0EA4F28E870}.Release|Mixed Platforms.ActiveCfg = Release|Any CPU
		{42566F48-05FC-483E-8B2F-D0EA4F28E870}.Release|Mixed Platforms.Build.0 = Release|Any CPU
		{42566F48-05FC-483E-8B2F-D0EA4F28E870}.Release|x64.ActiveCfg = Release|Any CPU
		{42566F48-05FC-483E-8B2F-D0EA4F28E870}.Release|x64.Build.0 = Release|Any CPU
		{42566F48-05FC-483E-8B2F-D0EA4F28E870}.Release|x86.ActiveCfg = Release|Any CPU
		{42566F48-05FC-483E-8B2F-D0EA4F28E870}.Release|x86.Build.0 = Release|Any CPU
	EndGlobalSection
	GlobalSection(SolutionProperties) = preSolution
		HideSolutionNode = FALSE
	EndGlobalSection
	GlobalSection(ExtensibilityGlobals) = postSolution
		SolutionGuid = {2495D109-BD85-4568-9B27-06D36E6EF562}
	EndGlobalSection
EndGlobal
